
Microsoft Visual Studio Solution File, Format Version 12.00
# Visual Studio Version 17
VisualStudioVersion = 17.12.35506.116 d17.12
MinimumVisualStudioVersion = 10.0.40219.1
Project("{FAE04EC0-301F-11D3-BF4B-00C04F79EFBC}") = "AotResilience", "AotResilience\AotResilience.csproj", "{B242E270-7F12-446A-AADF-53430AB39B36}"
EndProject
Project("{FAE04EC0-301F-11D3-BF4B-00C04F79EFBC}") = "AotResilience.Cli", "AotResilience.Cli\AotResilience.Cli.csproj", "{62257528-57D7-4CEA-89DD-93CC16A5DFBB}"
EndProject
Global
	GlobalSection(SolutionConfigurationPlatforms) = preSolution
		Debug|Any CPU = Debug|Any CPU
		Release|Any CPU = Release|Any CPU
	EndGlobalSection
	GlobalSection(ProjectConfigurationPlatforms) = postSolution
		{B242E270-7F12-446A-AADF-53430AB39B36}.Debug|Any CPU.ActiveCfg = Debug|Any CPU
		{B242E270-7F12-446A-AADF-53430AB39B36}.Debug|Any CPU.Build.0 = Debug|Any CPU
		{B242E270-7F12-446A-AADF-53430AB39B36}.Release|Any CPU.ActiveCfg = Release|Any CPU
		{B242E270-7F12-446A-AADF-53430AB39B36}.Release|Any CPU.Build.0 = Release|Any CPU
		{62257528-57D7-4CEA-89DD-93CC16A5DFBB}.Debug|Any CPU.ActiveCfg = Debug|Any CPU
		{62257528-57D7-4CEA-89DD-93CC16A5DFBB}.Debug|Any CPU.Build.0 = Debug|Any CPU
		{62257528-57D7-4CEA-89DD-93CC16A5DFBB}.Release|Any CPU.ActiveCfg = Release|Any CPU
		{62257528-57D7-4CEA-89DD-93CC16A5DFBB}.Release|Any CPU.Build.0 = Release|Any CPU
	EndGlobalSection
	GlobalSection(SolutionProperties) = preSolution
		HideSolutionNode = FALSE
	EndGlobalSection
EndGlobal
